// !$*UTF8*$!
{
	archiveVersion = 1;
	classes = {
	};
	objectVersion = 56;
	objects = {

/* Begin PBXBuildFile section */
		024988152B8103BA00EFBF38 /* CalculatorView.swift in Sources */ = {isa = PBXBuildFile; fileRef = 024988142B8103BA00EFBF38 /* CalculatorView.swift */; };
		024988172B8103D200EFBF38 /* CalculatorViewController.swift in Sources */ = {isa = PBXBuildFile; fileRef = 024988162B8103D200EFBF38 /* CalculatorViewController.swift */; };
		0249881A2B81069900EFBF38 /* AppColors.swift in Sources */ = {isa = PBXBuildFile; fileRef = 024988192B81069900EFBF38 /* AppColors.swift */; };
		0249881E2B8108EF00EFBF38 /* UIView + Extension.swift in Sources */ = {isa = PBXBuildFile; fileRef = 0249881D2B8108EF00EFBF38 /* UIView + Extension.swift */; };
		024988212B81156C00EFBF38 /* Alert.swift in Sources */ = {isa = PBXBuildFile; fileRef = 024988202B81156C00EFBF38 /* Alert.swift */; };
		024988252B8118BE00EFBF38 /* ResultView.swift in Sources */ = {isa = PBXBuildFile; fileRef = 024988242B8118BE00EFBF38 /* ResultView.swift */; };
		024988272B8118D300EFBF38 /* ResultViewController.swift in Sources */ = {isa = PBXBuildFile; fileRef = 024988262B8118D300EFBF38 /* ResultViewController.swift */; };
		0249882A2B8125AC00EFBF38 /* UITextField + Extension.swift in Sources */ = {isa = PBXBuildFile; fileRef = 024988292B8125AC00EFBF38 /* UITextField + Extension.swift */; };
		0249882C2B81278500EFBF38 /* UIViewController + Extension.swift in Sources */ = {isa = PBXBuildFile; fileRef = 0249882B2B81278500EFBF38 /* UIViewController + Extension.swift */; };
		02EB07DB2B01BE4500D9E165 /* AppDelegate.swift in Sources */ = {isa = PBXBuildFile; fileRef = 02EB07DA2B01BE4500D9E165 /* AppDelegate.swift */; };
		02EB07DD2B01BE4500D9E165 /* SceneDelegate.swift in Sources */ = {isa = PBXBuildFile; fileRef = 02EB07DC2B01BE4500D9E165 /* SceneDelegate.swift */; };
		02EB07E42B01BE4700D9E165 /* Assets.xcassets in Resources */ = {isa = PBXBuildFile; fileRef = 02EB07E32B01BE4700D9E165 /* Assets.xcassets */; };
		02EB07E72B01BE4700D9E165 /* LaunchScreen.storyboard in Resources */ = {isa = PBXBuildFile; fileRef = 02EB07E52B01BE4700D9E165 /* LaunchScreen.storyboard */; };
		02EB080D2B01C08200D9E165 /* HomeViewController.swift in Sources */ = {isa = PBXBuildFile; fileRef = 02EB080C2B01C08200D9E165 /* HomeViewController.swift */; };
		02EB080F2B01C0A400D9E165 /* HomeView.swift in Sources */ = {isa = PBXBuildFile; fileRef = 02EB080E2B01C0A400D9E165 /* HomeView.swift */; };
		70065801BA9DDB88971D537B /* libPods-AppAlcoolGasolina.a in Frameworks */ = {isa = PBXBuildFile; fileRef = 0D11FE78C1B1349847364DDB /* libPods-AppAlcoolGasolina.a */; };
/* End PBXBuildFile section */

/* Begin PBXContainerItemProxy section */
		02EB07EE2B01BE4700D9E165 /* PBXContainerItemProxy */ = {
			isa = PBXContainerItemProxy;
			containerPortal = 02EB07CF2B01BE4500D9E165 /* Project object */;
			proxyType = 1;
			remoteGlobalIDString = 02EB07D62B01BE4500D9E165;
			remoteInfo = AppAlcoolGasolina;
		};
		02EB07F82B01BE4700D9E165 /* PBXContainerItemProxy */ = {
			isa = PBXContainerItemProxy;
			containerPortal = 02EB07CF2B01BE4500D9E165 /* Project object */;
			proxyType = 1;
			remoteGlobalIDString = 02EB07D62B01BE4500D9E165;
			remoteInfo = AppAlcoolGasolina;
		};
/* End PBXContainerItemProxy section */

/* Begin PBXFileReference section */
		024988142B8103BA00EFBF38 /* CalculatorView.swift */ = {isa = PBXFileReference; lastKnownFileType = sourcecode.swift; path = CalculatorView.swift; sourceTree = "<group>"; };
		024988162B8103D200EFBF38 /* CalculatorViewController.swift */ = {isa = PBXFileReference; lastKnownFileType = sourcecode.swift; path = CalculatorViewController.swift; sourceTree = "<group>"; };
		024988192B81069900EFBF38 /* AppColors.swift */ = {isa = PBXFileReference; lastKnownFileType = sourcecode.swift; path = AppColors.swift; sourceTree = "<group>"; };
		0249881D2B8108EF00EFBF38 /* UIView + Extension.swift */ = {isa = PBXFileReference; lastKnownFileType = sourcecode.swift; path = "UIView + Extension.swift"; sourceTree = "<group>"; };
		024988202B81156C00EFBF38 /* Alert.swift */ = {isa = PBXFileReference; lastKnownFileType = sourcecode.swift; path = Alert.swift; sourceTree = "<group>"; };
		024988242B8118BE00EFBF38 /* ResultView.swift */ = {isa = PBXFileReference; lastKnownFileType = sourcecode.swift; path = ResultView.swift; sourceTree = "<group>"; };
		024988262B8118D300EFBF38 /* ResultViewController.swift */ = {isa = PBXFileReference; lastKnownFileType = sourcecode.swift; path = ResultViewController.swift; sourceTree = "<group>"; };
		024988292B8125AC00EFBF38 /* UITextField + Extension.swift */ = {isa = PBXFileReference; lastKnownFileType = sourcecode.swift; path = "UITextField + Extension.swift"; sourceTree = "<group>"; };
		0249882B2B81278500EFBF38 /* UIViewController + Extension.swift */ = {isa = PBXFileReference; lastKnownFileType = sourcecode.swift; path = "UIViewController + Extension.swift"; sourceTree = "<group>"; };
		02EB07D72B01BE4500D9E165 /* AppAlcoolGasolina.app */ = {isa = PBXFileReference; explicitFileType = wrapper.application; includeInIndex = 0; path = AppAlcoolGasolina.app; sourceTree = BUILT_PRODUCTS_DIR; };
		02EB07DA2B01BE4500D9E165 /* AppDelegate.swift */ = {isa = PBXFileReference; lastKnownFileType = sourcecode.swift; path = AppDelegate.swift; sourceTree = "<group>"; };
		02EB07DC2B01BE4500D9E165 /* SceneDelegate.swift */ = {isa = PBXFileReference; lastKnownFileType = sourcecode.swift; path = SceneDelegate.swift; sourceTree = "<group>"; };
		02EB07E32B01BE4700D9E165 /* Assets.xcassets */ = {isa = PBXFileReference; lastKnownFileType = folder.assetcatalog; path = Assets.xcassets; sourceTree = "<group>"; };
		02EB07E62B01BE4700D9E165 /* Base */ = {isa = PBXFileReference; lastKnownFileType = file.storyboard; name = Base; path = Base.lproj/LaunchScreen.storyboard; sourceTree = "<group>"; };
		02EB07E82B01BE4700D9E165 /* Info.plist */ = {isa = PBXFileReference; lastKnownFileType = text.plist.xml; path = Info.plist; sourceTree = "<group>"; };
		02EB07ED2B01BE4700D9E165 /* AppAlcoolGasolinaTests.xctest */ = {isa = PBXFileReference; explicitFileType = wrapper.cfbundle; includeInIndex = 0; path = AppAlcoolGasolinaTests.xctest; sourceTree = BUILT_PRODUCTS_DIR; };
		02EB07F72B01BE4700D9E165 /* AppAlcoolGasolinaUITests.xctest */ = {isa = PBXFileReference; explicitFileType = wrapper.cfbundle; includeInIndex = 0; path = AppAlcoolGasolinaUITests.xctest; sourceTree = BUILT_PRODUCTS_DIR; };
		02EB080C2B01C08200D9E165 /* HomeViewController.swift */ = {isa = PBXFileReference; lastKnownFileType = sourcecode.swift; path = HomeViewController.swift; sourceTree = "<group>"; };
		02EB080E2B01C0A400D9E165 /* HomeView.swift */ = {isa = PBXFileReference; lastKnownFileType = sourcecode.swift; path = HomeView.swift; sourceTree = "<group>"; };
		0D11FE78C1B1349847364DDB /* libPods-AppAlcoolGasolina.a */ = {isa = PBXFileReference; explicitFileType = archive.ar; includeInIndex = 0; path = "libPods-AppAlcoolGasolina.a"; sourceTree = BUILT_PRODUCTS_DIR; };
		8127DE47FFF8C669CB4108DA /* Pods-AppAlcoolGasolina.debug.xcconfig */ = {isa = PBXFileReference; includeInIndex = 1; lastKnownFileType = text.xcconfig; name = "Pods-AppAlcoolGasolina.debug.xcconfig"; path = "Target Support Files/Pods-AppAlcoolGasolina/Pods-AppAlcoolGasolina.debug.xcconfig"; sourceTree = "<group>"; };
		8FE1B8D8A591D395F20BDA58 /* Pods-AppAlcoolGasolina.release.xcconfig */ = {isa = PBXFileReference; includeInIndex = 1; lastKnownFileType = text.xcconfig; name = "Pods-AppAlcoolGasolina.release.xcconfig"; path = "Target Support Files/Pods-AppAlcoolGasolina/Pods-AppAlcoolGasolina.release.xcconfig"; sourceTree = "<group>"; };
/* End PBXFileReference section */

/* Begin PBXFrameworksBuildPhase section */
		02EB07D42B01BE4500D9E165 /* Frameworks */ = {
			isa = PBXFrameworksBuildPhase;
			buildActionMask = 2147483647;
			files = (
				70065801BA9DDB88971D537B /* libPods-AppAlcoolGasolina.a in Frameworks */,
			);
			runOnlyForDeploymentPostprocessing = 0;
		};
		02EB07EA2B01BE4700D9E165 /* Frameworks */ = {
			isa = PBXFrameworksBuildPhase;
			buildActionMask = 2147483647;
			files = (
			);
			runOnlyForDeploymentPostprocessing = 0;
		};
		02EB07F42B01BE4700D9E165 /* Frameworks */ = {
			isa = PBXFrameworksBuildPhase;
			buildActionMask = 2147483647;
			files = (
			);
			runOnlyForDeploymentPostprocessing = 0;
		};
/* End PBXFrameworksBuildPhase section */

/* Begin PBXGroup section */
		024988122B81033700EFBF38 /* Calculator */ = {
			isa = PBXGroup;
			children = (
				024988132B81038F00EFBF38 /* View */,
				024988162B8103D200EFBF38 /* CalculatorViewController.swift */,
			);
			path = Calculator;
			sourceTree = "<group>";
		};
		024988132B81038F00EFBF38 /* View */ = {
			isa = PBXGroup;
			children = (
				024988142B8103BA00EFBF38 /* CalculatorView.swift */,
			);
			path = View;
			sourceTree = "<group>";
		};
		024988182B81068C00EFBF38 /* Utils */ = {
			isa = PBXGroup;
			children = (
				024988192B81069900EFBF38 /* AppColors.swift */,
			);
			path = Utils;
			sourceTree = "<group>";
		};
		0249881C2B8108E100EFBF38 /* Extension */ = {
			isa = PBXGroup;
			children = (
				0249881D2B8108EF00EFBF38 /* UIView + Extension.swift */,
				024988292B8125AC00EFBF38 /* UITextField + Extension.swift */,
				0249882B2B81278500EFBF38 /* UIViewController + Extension.swift */,
			);
			path = Extension;
			sourceTree = "<group>";
		};
		0249881F2B81155400EFBF38 /* Alert */ = {
			isa = PBXGroup;
			children = (
				024988202B81156C00EFBF38 /* Alert.swift */,
			);
			path = Alert;
			sourceTree = "<group>";
		};
		024988222B8118A200EFBF38 /* Result */ = {
			isa = PBXGroup;
			children = (
				024988232B8118A700EFBF38 /* View */,
				024988262B8118D300EFBF38 /* ResultViewController.swift */,
			);
			path = Result;
			sourceTree = "<group>";
		};
		024988232B8118A700EFBF38 /* View */ = {
			isa = PBXGroup;
			children = (
				024988242B8118BE00EFBF38 /* ResultView.swift */,
			);
			path = View;
			sourceTree = "<group>";
		};
		02EB07CE2B01BE4500D9E165 = {
			isa = PBXGroup;
			children = (
				02EB07D92B01BE4500D9E165 /* AppAlcoolGasolina */,
				02EB07D82B01BE4500D9E165 /* Products */,
				A6416A76E154D9CC47FCA223 /* Pods */,
				41D4FF22A0934DA0578AD893 /* Frameworks */,
			);
			sourceTree = "<group>";
		};
		02EB07D82B01BE4500D9E165 /* Products */ = {
			isa = PBXGroup;
			children = (
				02EB07D72B01BE4500D9E165 /* AppAlcoolGasolina.app */,
				02EB07ED2B01BE4700D9E165 /* AppAlcoolGasolinaTests.xctest */,
				02EB07F72B01BE4700D9E165 /* AppAlcoolGasolinaUITests.xctest */,
			);
			name = Products;
			sourceTree = "<group>";
		};
		02EB07D92B01BE4500D9E165 /* AppAlcoolGasolina */ = {
			isa = PBXGroup;
			children = (
				024988222B8118A200EFBF38 /* Result */,
				0249881F2B81155400EFBF38 /* Alert */,
				0249881C2B8108E100EFBF38 /* Extension */,
				024988182B81068C00EFBF38 /* Utils */,
				024988122B81033700EFBF38 /* Calculator */,
				02EB080B2B01BE6300D9E165 /* Home */,
				02EB07DA2B01BE4500D9E165 /* AppDelegate.swift */,
				02EB07DC2B01BE4500D9E165 /* SceneDelegate.swift */,
				02EB07E32B01BE4700D9E165 /* Assets.xcassets */,
				02EB07E52B01BE4700D9E165 /* LaunchScreen.storyboard */,
				02EB07E82B01BE4700D9E165 /* Info.plist */,
			);
			path = AppAlcoolGasolina;
			sourceTree = "<group>";
		};
		02EB080B2B01BE6300D9E165 /* Home */ = {
			isa = PBXGroup;
			children = (
				02EB08102B01C0A900D9E165 /* Screen */,
				02EB080C2B01C08200D9E165 /* HomeViewController.swift */,
			);
			path = Home;
			sourceTree = "<group>";
		};
		02EB08102B01C0A900D9E165 /* Screen */ = {
			isa = PBXGroup;
			children = (
				02EB080E2B01C0A400D9E165 /* HomeView.swift */,
			);
			path = Screen;
			sourceTree = "<group>";
		};
		41D4FF22A0934DA0578AD893 /* Frameworks */ = {
			isa = PBXGroup;
			children = (
				0D11FE78C1B1349847364DDB /* libPods-AppAlcoolGasolina.a */,
			);
			name = Frameworks;
			sourceTree = "<group>";
		};
		A6416A76E154D9CC47FCA223 /* Pods */ = {
			isa = PBXGroup;
			children = (
				8127DE47FFF8C669CB4108DA /* Pods-AppAlcoolGasolina.debug.xcconfig */,
				8FE1B8D8A591D395F20BDA58 /* Pods-AppAlcoolGasolina.release.xcconfig */,
			);
			path = Pods;
			sourceTree = "<group>";
		};
/* End PBXGroup section */

/* Begin PBXNativeTarget section */
		02EB07D62B01BE4500D9E165 /* AppAlcoolGasolina */ = {
			isa = PBXNativeTarget;
			buildConfigurationList = 02EB08012B01BE4700D9E165 /* Build configuration list for PBXNativeTarget "AppAlcoolGasolina" */;
			buildPhases = (
				5282FB8A04F3EC59DFFF0620 /* [CP] Check Pods Manifest.lock */,
				02EB07D32B01BE4500D9E165 /* Sources */,
				02EB07D42B01BE4500D9E165 /* Frameworks */,
				02EB07D52B01BE4500D9E165 /* Resources */,
				D3CD9E257BB24B4E44AFD6D2 /* [CP] Copy Pods Resources */,
			);
			buildRules = (
			);
			dependencies = (
			);
			name = AppAlcoolGasolina;
			productName = AppAlcoolGasolina;
			productReference = 02EB07D72B01BE4500D9E165 /* AppAlcoolGasolina.app */;
			productType = "com.apple.product-type.application";
		};
		02EB07EC2B01BE4700D9E165 /* AppAlcoolGasolinaTests */ = {
			isa = PBXNativeTarget;
			buildConfigurationList = 02EB08042B01BE4700D9E165 /* Build configuration list for PBXNativeTarget "AppAlcoolGasolinaTests" */;
			buildPhases = (
				02EB07E92B01BE4700D9E165 /* Sources */,
				02EB07EA2B01BE4700D9E165 /* Frameworks */,
				02EB07EB2B01BE4700D9E165 /* Resources */,
			);
			buildRules = (
			);
			dependencies = (
				02EB07EF2B01BE4700D9E165 /* PBXTargetDependency */,
			);
			name = AppAlcoolGasolinaTests;
			productName = AppAlcoolGasolinaTests;
			productReference = 02EB07ED2B01BE4700D9E165 /* AppAlcoolGasolinaTests.xctest */;
			productType = "com.apple.product-type.bundle.unit-test";
		};
		02EB07F62B01BE4700D9E165 /* AppAlcoolGasolinaUITests */ = {
			isa = PBXNativeTarget;
			buildConfigurationList = 02EB08072B01BE4700D9E165 /* Build configuration list for PBXNativeTarget "AppAlcoolGasolinaUITests" */;
			buildPhases = (
				02EB07F32B01BE4700D9E165 /* Sources */,
				02EB07F42B01BE4700D9E165 /* Frameworks */,
				02EB07F52B01BE4700D9E165 /* Resources */,
			);
			buildRules = (
			);
			dependencies = (
				02EB07F92B01BE4700D9E165 /* PBXTargetDependency */,
			);
			name = AppAlcoolGasolinaUITests;
			productName = AppAlcoolGasolinaUITests;
			productReference = 02EB07F72B01BE4700D9E165 /* AppAlcoolGasolinaUITests.xctest */;
			productType = "com.apple.product-type.bundle.ui-testing";
		};
/* End PBXNativeTarget section */

/* Begin PBXProject section */
		02EB07CF2B01BE4500D9E165 /* Project object */ = {
			isa = PBXProject;
			attributes = {
				BuildIndependentTargetsInParallel = 1;
				LastSwiftUpdateCheck = 1500;
				LastUpgradeCheck = 1500;
				TargetAttributes = {
					02EB07D62B01BE4500D9E165 = {
						CreatedOnToolsVersion = 15.0;
					};
					02EB07EC2B01BE4700D9E165 = {
						CreatedOnToolsVersion = 15.0;
						TestTargetID = 02EB07D62B01BE4500D9E165;
					};
					02EB07F62B01BE4700D9E165 = {
						CreatedOnToolsVersion = 15.0;
						TestTargetID = 02EB07D62B01BE4500D9E165;
					};
				};
			};
			buildConfigurationList = 02EB07D22B01BE4500D9E165 /* Build configuration list for PBXProject "AppAlcoolGasolina" */;
			compatibilityVersion = "Xcode 14.0";
			developmentRegion = en;
			hasScannedForEncodings = 0;
			knownRegions = (
				en,
				Base,
			);
			mainGroup = 02EB07CE2B01BE4500D9E165;
			productRefGroup = 02EB07D82B01BE4500D9E165 /* Products */;
			projectDirPath = "";
			projectRoot = "";
			targets = (
				02EB07D62B01BE4500D9E165 /* AppAlcoolGasolina */,
				02EB07EC2B01BE4700D9E165 /* AppAlcoolGasolinaTests */,
				02EB07F62B01BE4700D9E165 /* AppAlcoolGasolinaUITests */,
			);
		};
/* End PBXProject section */

/* Begin PBXResourcesBuildPhase section */
		02EB07D52B01BE4500D9E165 /* Resources */ = {
			isa = PBXResourcesBuildPhase;
			buildActionMask = 2147483647;
			files = (
				02EB07E72B01BE4700D9E165 /* LaunchScreen.storyboard in Resources */,
				02EB07E42B01BE4700D9E165 /* Assets.xcassets in Resources */,
			);
			runOnlyForDeploymentPostprocessing = 0;
		};
		02EB07EB2B01BE4700D9E165 /* Resources */ = {
			isa = PBXResourcesBuildPhase;
			buildActionMask = 2147483647;
			files = (
			);
			runOnlyForDeploymentPostprocessing = 0;
		};
		02EB07F52B01BE4700D9E165 /* Resources */ = {
			isa = PBXResourcesBuildPhase;
			buildActionMask = 2147483647;
			files = (
			);
			runOnlyForDeploymentPostprocessing = 0;
		};
/* End PBXResourcesBuildPhase section */

/* Begin PBXShellScriptBuildPhase section */
		5282FB8A04F3EC59DFFF0620 /* [CP] Check Pods Manifest.lock */ = {
			isa = PBXShellScriptBuildPhase;
			buildActionMask = 2147483647;
			files = (
			);
			inputFileListPaths = (
			);
			inputPaths = (
				"${PODS_PODFILE_DIR_PATH}/Podfile.lock",
				"${PODS_ROOT}/Manifest.lock",
			);
			name = "[CP] Check Pods Manifest.lock";
			outputFileListPaths = (
			);
			outputPaths = (
				"$(DERIVED_FILE_DIR)/Pods-AppAlcoolGasolina-checkManifestLockResult.txt",
			);
			runOnlyForDeploymentPostprocessing = 0;
			shellPath = /bin/sh;
			shellScript = "diff \"${PODS_PODFILE_DIR_PATH}/Podfile.lock\" \"${PODS_ROOT}/Manifest.lock\" > /dev/null\nif [ $? != 0 ] ; then\n    # print error to STDERR\n    echo \"error: The sandbox is not in sync with the Podfile.lock. Run 'pod install' or update your CocoaPods installation.\" >&2\n    exit 1\nfi\n# This output is used by Xcode 'outputs' to avoid re-running this script phase.\necho \"SUCCESS\" > \"${SCRIPT_OUTPUT_FILE_0}\"\n";
			showEnvVarsInLog = 0;
		};
		D3CD9E257BB24B4E44AFD6D2 /* [CP] Copy Pods Resources */ = {
			isa = PBXShellScriptBuildPhase;
			buildActionMask = 2147483647;
			files = (
			);
			inputFileListPaths = (
				"${PODS_ROOT}/Target Support Files/Pods-AppAlcoolGasolina/Pods-AppAlcoolGasolina-resources-${CONFIGURATION}-input-files.xcfilelist",
			);
			name = "[CP] Copy Pods Resources";
			outputFileListPaths = (
				"${PODS_ROOT}/Target Support Files/Pods-AppAlcoolGasolina/Pods-AppAlcoolGasolina-resources-${CONFIGURATION}-output-files.xcfilelist",
			);
			runOnlyForDeploymentPostprocessing = 0;
			shellPath = /bin/sh;
			shellScript = "\"${PODS_ROOT}/Target Support Files/Pods-AppAlcoolGasolina/Pods-AppAlcoolGasolina-resources.sh\"\n";
			showEnvVarsInLog = 0;
		};
/* End PBXShellScriptBuildPhase section */

/* Begin PBXSourcesBuildPhase section */
		02EB07D32B01BE4500D9E165 /* Sources */ = {
			isa = PBXSourcesBuildPhase;
			buildActionMask = 2147483647;
			files = (
				024988212B81156C00EFBF38 /* Alert.swift in Sources */,
				0249881E2B8108EF00EFBF38 /* UIView + Extension.swift in Sources */,
				024988172B8103D200EFBF38 /* CalculatorViewController.swift in Sources */,
				02EB07DB2B01BE4500D9E165 /* AppDelegate.swift in Sources */,
				02EB080F2B01C0A400D9E165 /* HomeView.swift in Sources */,
				0249881A2B81069900EFBF38 /* AppColors.swift in Sources */,
				02EB07DD2B01BE4500D9E165 /* SceneDelegate.swift in Sources */,
				024988252B8118BE00EFBF38 /* ResultView.swift in Sources */,
				024988152B8103BA00EFBF38 /* CalculatorView.swift in Sources */,
				02EB080D2B01C08200D9E165 /* HomeViewController.swift in Sources */,
				024988272B8118D300EFBF38 /* ResultViewController.swift in Sources */,
				0249882C2B81278500EFBF38 /* UIViewController + Extension.swift in Sources */,
				0249882A2B8125AC00EFBF38 /* UITextField + Extension.swift in Sources */,
			);
			runOnlyForDeploymentPostprocessing = 0;
		};
		02EB07E92B01BE4700D9E165 /* Sources */ = {
			isa = PBXSourcesBuildPhase;
			buildActionMask = 2147483647;
			files = (
			);
			runOnlyForDeploymentPostprocessing = 0;
		};
		02EB07F32B01BE4700D9E165 /* Sources */ = {
			isa = PBXSourcesBuildPhase;
			buildActionMask = 2147483647;
			files = (
			);
			runOnlyForDeploymentPostprocessing = 0;
		};
/* End PBXSourcesBuildPhase section */

/* Begin PBXTargetDependency section */
		02EB07EF2B01BE4700D9E165 /* PBXTargetDependency */ = {
			isa = PBXTargetDependency;
			target = 02EB07D62B01BE4500D9E165 /* AppAlcoolGasolina */;
			targetProxy = 02EB07EE2B01BE4700D9E165 /* PBXContainerItemProxy */;
		};
		02EB07F92B01BE4700D9E165 /* PBXTargetDependency */ = {
			isa = PBXTargetDependency;
			target = 02EB07D62B01BE4500D9E165 /* AppAlcoolGasolina */;
			targetProxy = 02EB07F82B01BE4700D9E165 /* PBXContainerItemProxy */;
		};
/* End PBXTargetDependency section */

/* Begin PBXVariantGroup section */
		02EB07E52B01BE4700D9E165 /* LaunchScreen.storyboard */ = {
			isa = PBXVariantGroup;
			children = (
				02EB07E62B01BE4700D9E165 /* Base */,
			);
			name = LaunchScreen.storyboard;
			sourceTree = "<group>";
		};
/* End PBXVariantGroup section */

/* Begin XCBuildConfiguration section */
		02EB07FF2B01BE4700D9E165 /* Debug */ = {
			isa = XCBuildConfiguration;
			buildSettings = {
				ALWAYS_SEARCH_USER_PATHS = NO;
				ASSETCATALOG_COMPILER_GENERATE_SWIFT_ASSET_SYMBOL_EXTENSIONS = YES;
				CLANG_ANALYZER_NONNULL = YES;
				CLANG_ANALYZER_NUMBER_OBJECT_CONVERSION = YES_AGGRESSIVE;
				CLANG_CXX_LANGUAGE_STANDARD = "gnu++20";
				CLANG_ENABLE_MODULES = YES;
				CLANG_ENABLE_OBJC_ARC = YES;
				CLANG_ENABLE_OBJC_WEAK = YES;
				CLANG_WARN_BLOCK_CAPTURE_AUTORELEASING = YES;
				CLANG_WARN_BOOL_CONVERSION = YES;
				CLANG_WARN_COMMA = YES;
				CLANG_WARN_CONSTANT_CONVERSION = YES;
				CLANG_WARN_DEPRECATED_OBJC_IMPLEMENTATIONS = YES;
				CLANG_WARN_DIRECT_OBJC_ISA_USAGE = YES_ERROR;
				CLANG_WARN_DOCUMENTATION_COMMENTS = YES;
				CLANG_WARN_EMPTY_BODY = YES;
				CLANG_WARN_ENUM_CONVERSION = YES;
				CLANG_WARN_INFINITE_RECURSION = YES;
				CLANG_WARN_INT_CONVERSION = YES;
				CLANG_WARN_NON_LITERAL_NULL_CONVERSION = YES;
				CLANG_WARN_OBJC_IMPLICIT_RETAIN_SELF = YES;
				CLANG_WARN_OBJC_LITERAL_CONVERSION = YES;
				CLANG_WARN_OBJC_ROOT_CLASS = YES_ERROR;
				CLANG_WARN_QUOTED_INCLUDE_IN_FRAMEWORK_HEADER = YES;
				CLANG_WARN_RANGE_LOOP_ANALYSIS = YES;
				CLANG_WARN_STRICT_PROTOTYPES = YES;
				CLANG_WARN_SUSPICIOUS_MOVE = YES;
				CLANG_WARN_UNGUARDED_AVAILABILITY = YES_AGGRESSIVE;
				CLANG_WARN_UNREACHABLE_CODE = YES;
				CLANG_WARN__DUPLICATE_METHOD_MATCH = YES;
				COPY_PHASE_STRIP = NO;
				DEBUG_INFORMATION_FORMAT = dwarf;
				ENABLE_STRICT_OBJC_MSGSEND = YES;
				ENABLE_TESTABILITY = YES;
				ENABLE_USER_SCRIPT_SANDBOXING = YES;
				GCC_C_LANGUAGE_STANDARD = gnu17;
				GCC_DYNAMIC_NO_PIC = NO;
				GCC_NO_COMMON_BLOCKS = YES;
				GCC_OPTIMIZATION_LEVEL = 0;
				GCC_PREPROCESSOR_DEFINITIONS = (
					"DEBUG=1",
					"$(inherited)",
				);
				GCC_WARN_64_TO_32_BIT_CONVERSION = YES;
				GCC_WARN_ABOUT_RETURN_TYPE = YES_ERROR;
				GCC_WARN_UNDECLARED_SELECTOR = YES;
				GCC_WARN_UNINITIALIZED_AUTOS = YES_AGGRESSIVE;
				GCC_WARN_UNUSED_FUNCTION = YES;
				GCC_WARN_UNUSED_VARIABLE = YES;
				IPHONEOS_DEPLOYMENT_TARGET = 17.0;
				LOCALIZATION_PREFERS_STRING_CATALOGS = YES;
				MTL_ENABLE_DEBUG_INFO = INCLUDE_SOURCE;
				MTL_FAST_MATH = YES;
				ONLY_ACTIVE_ARCH = YES;
				SDKROOT = iphoneos;
				SWIFT_ACTIVE_COMPILATION_CONDITIONS = "DEBUG $(inherited)";
				SWIFT_OPTIMIZATION_LEVEL = "-Onone";
			};
			name = Debug;
		};
		02EB08002B01BE4700D9E165 /* Release */ = {
			isa = XCBuildConfiguration;
			buildSettings = {
				ALWAYS_SEARCH_USER_PATHS = NO;
				ASSETCATALOG_COMPILER_GENERATE_SWIFT_ASSET_SYMBOL_EXTENSIONS = YES;
				CLANG_ANALYZER_NONNULL = YES;
				CLANG_ANALYZER_NUMBER_OBJECT_CONVERSION = YES_AGGRESSIVE;
				CLANG_CXX_LANGUAGE_STANDARD = "gnu++20";
				CLANG_ENABLE_MODULES = YES;
				CLANG_ENABLE_OBJC_ARC = YES;
				CLANG_ENABLE_OBJC_WEAK = YES;
				CLANG_WARN_BLOCK_CAPTURE_AUTORELEASING = YES;
				CLANG_WARN_BOOL_CONVERSION = YES;
				CLANG_WARN_COMMA = YES;
				CLANG_WARN_CONSTANT_CONVERSION = YES;
				CLANG_WARN_DEPRECATED_OBJC_IMPLEMENTATIONS = YES;
				CLANG_WARN_DIRECT_OBJC_ISA_USAGE = YES_ERROR;
				CLANG_WARN_DOCUMENTATION_COMMENTS = YES;
				CLANG_WARN_EMPTY_BODY = YES;
				CLANG_WARN_ENUM_CONVERSION = YES;
				CLANG_WARN_INFINITE_RECURSION = YES;
				CLANG_WARN_INT_CONVERSION = YES;
				CLANG_WARN_NON_LITERAL_NULL_CONVERSION = YES;
				CLANG_WARN_OBJC_IMPLICIT_RETAIN_SELF = YES;
				CLANG_WARN_OBJC_LITERAL_CONVERSION = YES;
				CLANG_WARN_OBJC_ROOT_CLASS = YES_ERROR;
				CLANG_WARN_QUOTED_INCLUDE_IN_FRAMEWORK_HEADER = YES;
				CLANG_WARN_RANGE_LOOP_ANALYSIS = YES;
				CLANG_WARN_STRICT_PROTOTYPES = YES;
				CLANG_WARN_SUSPICIOUS_MOVE = YES;
				CLANG_WARN_UNGUARDED_AVAILABILITY = YES_AGGRESSIVE;
				CLANG_WARN_UNREACHABLE_CODE = YES;
				CLANG_WARN__DUPLICATE_METHOD_MATCH = YES;
				COPY_PHASE_STRIP = NO;
				DEBUG_INFORMATION_FORMAT = "dwarf-with-dsym";
				ENABLE_NS_ASSERTIONS = NO;
				ENABLE_STRICT_OBJC_MSGSEND = YES;
				ENABLE_USER_SCRIPT_SANDBOXING = YES;
				GCC_C_LANGUAGE_STANDARD = gnu17;
				GCC_NO_COMMON_BLOCKS = YES;
				GCC_WARN_64_TO_32_BIT_CONVERSION = YES;
				GCC_WARN_ABOUT_RETURN_TYPE = YES_ERROR;
				GCC_WARN_UNDECLARED_SELECTOR = YES;
				GCC_WARN_UNINITIALIZED_AUTOS = YES_AGGRESSIVE;
				GCC_WARN_UNUSED_FUNCTION = YES;
				GCC_WARN_UNUSED_VARIABLE = YES;
				IPHONEOS_DEPLOYMENT_TARGET = 17.0;
				LOCALIZATION_PREFERS_STRING_CATALOGS = YES;
				MTL_ENABLE_DEBUG_INFO = NO;
				MTL_FAST_MATH = YES;
				SDKROOT = iphoneos;
				SWIFT_COMPILATION_MODE = wholemodule;
				VALIDATE_PRODUCT = YES;
			};
			name = Release;
		};
		02EB08022B01BE4700D9E165 /* Debug */ = {
			isa = XCBuildConfiguration;
			baseConfigurationReference = 8127DE47FFF8C669CB4108DA /* Pods-AppAlcoolGasolina.debug.xcconfig */;
			buildSettings = {
				ASSETCATALOG_COMPILER_APPICON_NAME = AppIcon;
				ASSETCATALOG_COMPILER_GLOBAL_ACCENT_COLOR_NAME = AccentColor;
				CODE_SIGN_STYLE = Automatic;
				CURRENT_PROJECT_VERSION = 1;
				DEVELOPMENT_TEAM = 9FV2U5727B;
				ENABLE_USER_SCRIPT_SANDBOXING = NO;
				GENERATE_INFOPLIST_FILE = YES;
				INFOPLIST_FILE = AppAlcoolGasolina/Info.plist;
				INFOPLIST_KEY_UIApplicationSupportsIndirectInputEvents = YES;
				INFOPLIST_KEY_UILaunchStoryboardName = LaunchScreen;
				INFOPLIST_KEY_UISupportedInterfaceOrientations_iPad = "UIInterfaceOrientationPortrait UIInterfaceOrientationPortraitUpsideDown UIInterfaceOrientationLandscapeLeft UIInterfaceOrientationLandscapeRight";
				INFOPLIST_KEY_UISupportedInterfaceOrientations_iPhone = "UIInterfaceOrientationPortrait UIInterfaceOrientationLandscapeLeft UIInterfaceOrientationLandscapeRight";
				LD_RUNPATH_SEARCH_PATHS = (
					"$(inherited)",
					"@executable_path/Frameworks",
				);
				MARKETING_VERSION = 1.0;
				PRODUCT_BUNDLE_IDENTIFIER = dev.enricogollner.AppAlcoolGasolina;
				PRODUCT_NAME = "$(TARGET_NAME)";
				SUPPORTED_PLATFORMS = "iphoneos iphonesimulator";
				SUPPORTS_MACCATALYST = NO;
				SUPPORTS_MAC_DESIGNED_FOR_IPHONE_IPAD = NO;
				SWIFT_EMIT_LOC_STRINGS = YES;
				SWIFT_VERSION = 5.0;
				TARGETED_DEVICE_FAMILY = "1,2";
			};
			name = Debug;
		};
		02EB08032B01BE4700D9E165 /* Release */ = {
			isa = XCBuildConfiguration;
			baseConfigurationReference = 8FE1B8D8A591D395F20BDA58 /* Pods-AppAlcoolGasolina.release.xcconfig */;
			buildSettings = {
				ASSETCATALOG_COMPILER_APPICON_NAME = AppIcon;
				ASSETCATALOG_COMPILER_GLOBAL_ACCENT_COLOR_NAME = AccentColor;
				CODE_SIGN_STYLE = Automatic;
				CURRENT_PROJECT_VERSION = 1;
				DEVELOPMENT_TEAM = 9FV2U5727B;
				ENABLE_USER_SCRIPT_SANDBOXING = NO;
				GENERATE_INFOPLIST_FILE = YES;
				INFOPLIST_FILE = AppAlcoolGasolina/Info.plist;
				INFOPLIST_KEY_UIApplicationSupportsIndirectInputEvents = YES;
				INFOPLIST_KEY_UILaunchStoryboardName = LaunchScreen;
				INFOPLIST_KEY_UISupportedInterfaceOrientations_iPad = "UIInterfaceOrientationPortrait UIInterfaceOrientationPortraitUpsideDown UIInterfaceOrientationLandscapeLeft UIInterfaceOrientationLandscapeRight";
				INFOPLIST_KEY_UISupportedInterfaceOrientations_iPhone = "UIInterfaceOrientationPortrait UIInterfaceOrientationLandscapeLeft UIInterfaceOrientationLandscapeRight";
				LD_RUNPATH_SEARCH_PATHS = (
					"$(inherited)",
					"@executable_path/Frameworks",
				);
				MARKETING_VERSION = 1.0;
				PRODUCT_BUNDLE_IDENTIFIER = dev.enricogollner.AppAlcoolGasolina;
				PRODUCT_NAME = "$(TARGET_NAME)";
				SUPPORTED_PLATFORMS = "iphoneos iphonesimulator";
				SUPPORTS_MACCATALYST = NO;
				SUPPORTS_MAC_DESIGNED_FOR_IPHONE_IPAD = NO;
				SWIFT_EMIT_LOC_STRINGS = YES;
				SWIFT_VERSION = 5.0;
				TARGETED_DEVICE_FAMILY = "1,2";
			};
			name = Release;
		};
		02EB08052B01BE4700D9E165 /* Debug */ = {
			isa = XCBuildConfiguration;
			buildSettings = {
				ALWAYS_EMBED_SWIFT_STANDARD_LIBRARIES = YES;
				BUNDLE_LOADER = "$(TEST_HOST)";
				CODE_SIGN_STYLE = Automatic;
				CURRENT_PROJECT_VERSION = 1;
				DEVELOPMENT_TEAM = 9FV2U5727B;
				GENERATE_INFOPLIST_FILE = YES;
				IPHONEOS_DEPLOYMENT_TARGET = 17.0;
				MARKETING_VERSION = 1.0;
				PRODUCT_BUNDLE_IDENTIFIER = dev.enricogollner.AppAlcoolGasolinaTests;
				PRODUCT_NAME = "$(TARGET_NAME)";
				SWIFT_EMIT_LOC_STRINGS = NO;
				SWIFT_VERSION = 5.0;
				TARGETED_DEVICE_FAMILY = "1,2";
				TEST_HOST = "$(BUILT_PRODUCTS_DIR)/AppAlcoolGasolina.app/$(BUNDLE_EXECUTABLE_FOLDER_PATH)/AppAlcoolGasolina";
			};
			name = Debug;
		};
		02EB08062B01BE4700D9E165 /* Release */ = {
			isa = XCBuildConfiguration;
			buildSettings = {
				ALWAYS_EMBED_SWIFT_STANDARD_LIBRARIES = YES;
				BUNDLE_LOADER = "$(TEST_HOST)";
				CODE_SIGN_STYLE = Automatic;
				CURRENT_PROJECT_VERSION = 1;
				DEVELOPMENT_TEAM = 9FV2U5727B;
				GENERATE_INFOPLIST_FILE = YES;
				IPHONEOS_DEPLOYMENT_TARGET = 17.0;
				MARKETING_VERSION = 1.0;
				PRODUCT_BUNDLE_IDENTIFIER = dev.enricogollner.AppAlcoolGasolinaTests;
				PRODUCT_NAME = "$(TARGET_NAME)";
				SWIFT_EMIT_LOC_STRINGS = NO;
				SWIFT_VERSION = 5.0;
				TARGETED_DEVICE_FAMILY = "1,2";
				TEST_HOST = "$(BUILT_PRODUCTS_DIR)/AppAlcoolGasolina.app/$(BUNDLE_EXECUTABLE_FOLDER_PATH)/AppAlcoolGasolina";
			};
			name = Release;
		};
		02EB08082B01BE4700D9E165 /* Debug */ = {
			isa = XCBuildConfiguration;
			buildSettings = {
				ALWAYS_EMBED_SWIFT_STANDARD_LIBRARIES = YES;
				CODE_SIGN_STYLE = Automatic;
				CURRENT_PROJECT_VERSION = 1;
				DEVELOPMENT_TEAM = 9FV2U5727B;
				GENERATE_INFOPLIST_FILE = YES;
				MARKETING_VERSION = 1.0;
				PRODUCT_BUNDLE_IDENTIFIER = dev.enricogollner.AppAlcoolGasolinaUITests;
				PRODUCT_NAME = "$(TARGET_NAME)";
				SWIFT_EMIT_LOC_STRINGS = NO;
				SWIFT_VERSION = 5.0;
				TARGETED_DEVICE_FAMILY = "1,2";
				TEST_TARGET_NAME = AppAlcoolGasolina;
			};
			name = Debug;
		};
		02EB08092B01BE4700D9E165 /* Release */ = {
			isa = XCBuildConfiguration;
			buildSettings = {
				ALWAYS_EMBED_SWIFT_STANDARD_LIBRARIES = YES;
				CODE_SIGN_STYLE = Automatic;
				CURRENT_PROJECT_VERSION = 1;
				DEVELOPMENT_TEAM = 9FV2U5727B;
				GENERATE_INFOPLIST_FILE = YES;
				MARKETING_VERSION = 1.0;
				PRODUCT_BUNDLE_IDENTIFIER = dev.enricogollner.AppAlcoolGasolinaUITests;
				PRODUCT_NAME = "$(TARGET_NAME)";
				SWIFT_EMIT_LOC_STRINGS = NO;
				SWIFT_VERSION = 5.0;
				TARGETED_DEVICE_FAMILY = "1,2";
				TEST_TARGET_NAME = AppAlcoolGasolina;
			};
			name = Release;
		};
/* End XCBuildConfiguration section */

/* Begin XCConfigurationList section */
		02EB07D22B01BE4500D9E165 /* Build configuration list for PBXProject "AppAlcoolGasolina" */ = {
			isa = XCConfigurationList;
			buildConfigurations = (
				02EB07FF2B01BE4700D9E165 /* Debug */,
				02EB08002B01BE4700D9E165 /* Release */,
			);
			defaultConfigurationIsVisible = 0;
			defaultConfigurationName = Release;
		};
		02EB08012B01BE4700D9E165 /* Build configuration list for PBXNativeTarget "AppAlcoolGasolina" */ = {
			isa = XCConfigurationList;
			buildConfigurations = (
				02EB08022B01BE4700D9E165 /* Debug */,
				02EB08032B01BE4700D9E165 /* Release */,
			);
			defaultConfigurationIsVisible = 0;
			defaultConfigurationName = Release;
		};
		02EB08042B01BE4700D9E165 /* Build configuration list for PBXNativeTarget "AppAlcoolGasolinaTests" */ = {
			isa = XCConfigurationList;
			buildConfigurations = (
				02EB08052B01BE4700D9E165 /* Debug */,
				02EB08062B01BE4700D9E165 /* Release */,
			);
			defaultConfigurationIsVisible = 0;
			defaultConfigurationName = Release;
		};
		02EB08072B01BE4700D9E165 /* Build configuration list for PBXNativeTarget "AppAlcoolGasolinaUITests" */ = {
			isa = XCConfigurationList;
			buildConfigurations = (
				02EB08082B01BE4700D9E165 /* Debug */,
				02EB08092B01BE4700D9E165 /* Release */,
			);
			defaultConfigurationIsVisible = 0;
			defaultConfigurationName = Release;
		};
/* End XCConfigurationList section */
	};
	rootObject = 02EB07CF2B01BE4500D9E165 /* Project object */;
}
